
Microsoft Visual Studio Solution File, Format Version 12.00
# Visual Studio 15
VisualStudioVersion = 15.0.27703.2047
MinimumVisualStudioVersion = 10.0.40219.1
Project("{FAE04EC0-301F-11D3-BF4B-00C04F79EFBC}") = "infoPratik310", "infoPratik310\infoPratik310.csproj", "{53AC32F9-4865-42B0-A61A-1F08EFB35455}"
EndProject
Global
	GlobalSection(SolutionConfigurationPlatforms) = preSolution
		Debug|Any CPU = Debug|Any CPU
		Release|Any CPU = Release|Any CPU
	EndGlobalSection
	GlobalSection(ProjectConfigurationPlatforms) = postSolution
		{53AC32F9-4865-42B0-A61A-1F08EFB35455}.Debug|Any CPU.ActiveCfg = Debug|Any CPU
		{53AC32F9-4865-42B0-A61A-1F08EFB35455}.Debug|Any CPU.Build.0 = Debug|Any CPU
		{53AC32F9-4865-42B0-A61A-1F08EFB35455}.Release|Any CPU.ActiveCfg = Release|Any CPU
		{53AC32F9-4865-42B0-A61A-1F08EFB35455}.Release|Any CPU.Build.0 = Release|Any CPU
	EndGlobalSection
	GlobalSection(SolutionProperties) = preSolution
		HideSolutionNode = FALSE
	EndGlobalSection
	GlobalSection(ExtensibilityGlobals) = postSolution
		SolutionGuid = {CE7C26F2-DF2E-43B2-AD86-3BE94C91CA66}
	EndGlobalSection
EndGlobal
