
Microsoft Visual Studio Solution File, Format Version 12.00
# Visual Studio 15
VisualStudioVersion = 15.0.27703.2047
MinimumVisualStudioVersion = 10.0.40219.1
Project("{FAE04EC0-301F-11D3-BF4B-00C04F79EFBC}") = "simpleCalculator", "simpleCalculator\simpleCalculator.csproj", "{C41B401B-D827-4D1C-ACA7-269C0C88847A}"
EndProject
Global
	GlobalSection(SolutionConfigurationPlatforms) = preSolution
		Debug|Any CPU = Debug|Any CPU
		Release|Any CPU = Release|Any CPU
	EndGlobalSection
	GlobalSection(ProjectConfigurationPlatforms) = postSolution
		{C41B401B-D827-4D1C-ACA7-269C0C88847A}.Debug|Any CPU.ActiveCfg = Debug|Any CPU
		{C41B401B-D827-4D1C-ACA7-269C0C88847A}.Debug|Any CPU.Build.0 = Debug|Any CPU
		{C41B401B-D827-4D1C-ACA7-269C0C88847A}.Release|Any CPU.ActiveCfg = Release|Any CPU
		{C41B401B-D827-4D1C-ACA7-269C0C88847A}.Release|Any CPU.Build.0 = Release|Any CPU
	EndGlobalSection
	GlobalSection(SolutionProperties) = preSolution
		HideSolutionNode = FALSE
	EndGlobalSection
	GlobalSection(ExtensibilityGlobals) = postSolution
		SolutionGuid = {48323E95-C97A-445C-BD6B-70D6B5BCF4C5}
	EndGlobalSection
EndGlobal
